<?xml version="1.0" encoding="UTF-8" standalone="yes" ?>
<CodeBlocks_project_file>
	<FileVersion major="1" minor="6" />
	<Project>
		<Option title="KestrelCodeCompiler" />
		<Option pch_mode="2" />
		<Option compiler="gcc" />
		<Build>
			<Target title="Debug">
				<Option output="kccd" prefix_auto="1" extension_auto="1" />
				<Option object_output="obj/Debug/" />
				<Option type="1" />
				<Option compiler="gcc" />
				<Compiler>
					<Add option="-g" />
				</Compiler>
			</Target>
			<Target title="Release">
				<Option output="kcc" prefix_auto="1" extension_auto="1" />
				<Option object_output="obj/Release/" />
				<Option type="1" />
				<Option compiler="gcc" />
				<Compiler>
					<Add option="-O2" />
				</Compiler>
				<Linker>
					<Add option="-s" />
				</Linker>
			</Target>
		</Build>
		<Compiler>
			<Add option="-Wall" />
			<Add option="-DDEBUG" />
			<Add option="-DEAGLE_ASSERT_EXCEPTION" />
		</Compiler>
		<Unit filename="EagleLicense.txt" />
		<Unit filename="Notes.txt" />
		<Unit filename="README.txt" />
		<Unit filename="ksrc/example_kestrel.kes" />
		<Unit filename="ksrc/example_kestrel.kes.kcc.txt" />
		<Unit filename="src/Data.cpp" />
		<Unit filename="src/Data.hpp" />
		<Unit filename="src/Exception.cpp" />
		<Unit filename="src/Exception.hpp" />
		<Unit filename="src/Functions.cpp" />
		<Unit filename="src/Functions.hpp" />
		<Unit filename="src/KClass.cpp" />
		<Unit filename="src/KClass.hpp" />
		<Unit filename="src/KString.cpp" />
		<Unit filename="src/KString.hpp" />
		<Unit filename="src/LexMain.cpp" />
		<Unit filename="src/LexTable.hpp" />
		<Unit filename="src/Lexer2.cpp" />
		<Unit filename="src/Lexer2.hpp" />
		<Unit filename="src/ParseTree.cpp" />
		<Unit filename="src/ParseTree.hpp" />
		<Unit filename="src/ParseUtils.cpp" />
		<Unit filename="src/ParseUtils.hpp" />
		<Unit filename="src/Parser2.cpp" />
		<Unit filename="src/Parser2.hpp" />
		<Unit filename="src/Rosetta.cpp" />
		<Unit filename="src/Rosetta.hpp" />
		<Unit filename="src/TokenStream.cpp" />
		<Unit filename="src/TokenStream.hpp" />
		<Unit filename="src/Utility.cpp" />
		<Unit filename="src/Utility.hpp" />
		<Extensions>
			<code_completion />
			<envvars />
			<debugger />
			<lib_finder disable_auto="1" />
			<fortran_project />
		</Extensions>
	</Project>
</CodeBlocks_project_file>
